
Microsoft Visual Studio Solution File, Format Version 12.00
# Visual Studio Version 17
VisualStudioVersion = 17.11.35312.102
MinimumVisualStudioVersion = 10.0.40219.1
Project("{FAE04EC0-301F-11D3-BF4B-00C04F79EFBC}") = "01_MainSubjects", "01_MainSubjects\01_MainSubjects.csproj", "{7AC0454D-01E7-488D-8AFC-5A7D1DE29BA9}"
EndProject
Project("{FAE04EC0-301F-11D3-BF4B-00C04F79EFBC}") = "02_Variables", "02_Variables\02_Variables.csproj", "{83BED524-292D-49F6-9DEE-53A70138046E}"
EndProject
Global
	GlobalSection(SolutionConfigurationPlatforms) = preSolution
		Debug|Any CPU = Debug|Any CPU
		Release|Any CPU = Release|Any CPU
	EndGlobalSection
	GlobalSection(ProjectConfigurationPlatforms) = postSolution
		{7AC0454D-01E7-488D-8AFC-5A7D1DE29BA9}.Debug|Any CPU.ActiveCfg = Debug|Any CPU
		{7AC0454D-01E7-488D-8AFC-5A7D1DE29BA9}.Debug|Any CPU.Build.0 = Debug|Any CPU
		{7AC0454D-01E7-488D-8AFC-5A7D1DE29BA9}.Release|Any CPU.ActiveCfg = Release|Any CPU
		{7AC0454D-01E7-488D-8AFC-5A7D1DE29BA9}.Release|Any CPU.Build.0 = Release|Any CPU
		{83BED524-292D-49F6-9DEE-53A70138046E}.Debug|Any CPU.ActiveCfg = Debug|Any CPU
		{83BED524-292D-49F6-9DEE-53A70138046E}.Debug|Any CPU.Build.0 = Debug|Any CPU
		{83BED524-292D-49F6-9DEE-53A70138046E}.Release|Any CPU.ActiveCfg = Release|Any CPU
		{83BED524-292D-49F6-9DEE-53A70138046E}.Release|Any CPU.Build.0 = Release|Any CPU
	EndGlobalSection
	GlobalSection(SolutionProperties) = preSolution
		HideSolutionNode = FALSE
	EndGlobalSection
	GlobalSection(ExtensibilityGlobals) = postSolution
		SolutionGuid = {B182A325-BC83-4E02-9CF1-A457FCDA06A4}
	EndGlobalSection
EndGlobal
